
Microsoft Visual Studio Solution File, Format Version 12.00
# Visual Studio 15
VisualStudioVersion = 15.0.27428.2002
MinimumVisualStudioVersion = 10.0.40219.1
Project("{FAE04EC0-301F-11D3-BF4B-00C04F79EFBC}") = "PRSbackend", "PRSbackend\PRSbackend.csproj", "{80C05162-8F0D-4E6C-803E-67375EC41E9C}"
EndProject
Global
	GlobalSection(SolutionConfigurationPlatforms) = preSolution
		Debug|Any CPU = Debug|Any CPU
		Release|Any CPU = Release|Any CPU
	EndGlobalSection
	GlobalSection(ProjectConfigurationPlatforms) = postSolution
		{80C05162-8F0D-4E6C-803E-67375EC41E9C}.Debug|Any CPU.ActiveCfg = Debug|Any CPU
		{80C05162-8F0D-4E6C-803E-67375EC41E9C}.Debug|Any CPU.Build.0 = Debug|Any CPU
		{80C05162-8F0D-4E6C-803E-67375EC41E9C}.Release|Any CPU.ActiveCfg = Release|Any CPU
		{80C05162-8F0D-4E6C-803E-67375EC41E9C}.Release|Any CPU.Build.0 = Release|Any CPU
	EndGlobalSection
	GlobalSection(SolutionProperties) = preSolution
		HideSolutionNode = FALSE
	EndGlobalSection
	GlobalSection(ExtensibilityGlobals) = postSolution
		SolutionGuid = {A317B297-5A26-4892-A18F-92C80BA1880E}
	EndGlobalSection
EndGlobal
