
Microsoft Visual Studio Solution File, Format Version 12.00
# Visual Studio 15
VisualStudioVersion = 15.0.27130.2027
MinimumVisualStudioVersion = 10.0.40219.1
Project("{FAE04EC0-301F-11D3-BF4B-00C04F79EFBC}") = "LoginForm", "LoginForm\LoginForm.csproj", "{D7D8612A-30FD-4A11-9674-C5943723575C}"
EndProject
Global
	GlobalSection(SolutionConfigurationPlatforms) = preSolution
		Debug|Any CPU = Debug|Any CPU
		Release|Any CPU = Release|Any CPU
	EndGlobalSection
	GlobalSection(ProjectConfigurationPlatforms) = postSolution
		{D7D8612A-30FD-4A11-9674-C5943723575C}.Debug|Any CPU.ActiveCfg = Debug|Any CPU
		{D7D8612A-30FD-4A11-9674-C5943723575C}.Debug|Any CPU.Build.0 = Debug|Any CPU
		{D7D8612A-30FD-4A11-9674-C5943723575C}.Release|Any CPU.ActiveCfg = Release|Any CPU
		{D7D8612A-30FD-4A11-9674-C5943723575C}.Release|Any CPU.Build.0 = Release|Any CPU
	EndGlobalSection
	GlobalSection(SolutionProperties) = preSolution
		HideSolutionNode = FALSE
	EndGlobalSection
	GlobalSection(ExtensibilityGlobals) = postSolution
		SolutionGuid = {08F9E6D3-59C0-4CF5-A901-50FBC6E3D7C6}
	EndGlobalSection
EndGlobal
